# This file is automatically @generated by Cargo.
# It is not intended for manual editing.
version = 3

[[package]]
name = "pico-args-helpgen"
version = "0.1.0"
source = "git+https://github.com/Ernest1338/pico-args-helpgen#f3d39af7768709cb040459d50f398d50c32a6f2d"

[[package]]
name = "report-generator"
version = "0.1.0"
dependencies = [
 "pico-args-helpgen",
]
